
Microsoft Visual Studio Solution File, Format Version 11.00
# Visual Studio 2010
Project("{8BC9CEB8-8B4A-11D0-8D11-00A0C91BC942}") = "fintp_ws", "fintp_ws.vcxproj", "{ADECE51E-EDF5-42C1-94D8-5D11647EA63C}"
EndProject
Global
	GlobalSection(SolutionConfigurationPlatforms) = preSolution
		Debug|Win32 = Debug|Win32
		Release|Win32 = Release|Win32
	EndGlobalSection
	GlobalSection(ProjectConfigurationPlatforms) = postSolution
		{ADECE51E-EDF5-42C1-94D8-5D11647EA63C}.Debug|Win32.ActiveCfg = Debug|Win32
		{ADECE51E-EDF5-42C1-94D8-5D11647EA63C}.Debug|Win32.Build.0 = Debug|Win32
		{ADECE51E-EDF5-42C1-94D8-5D11647EA63C}.Release|Win32.ActiveCfg = Release|Win32
		{ADECE51E-EDF5-42C1-94D8-5D11647EA63C}.Release|Win32.Build.0 = Release|Win32
	EndGlobalSection
	GlobalSection(SolutionProperties) = preSolution
		HideSolutionNode = FALSE
	EndGlobalSection
EndGlobal
